// !$*UTF8*$!
{
	archiveVersion = 1;
	classes = {
	};
	objectVersion = 56;
	objects = {

/* Begin PBXBuildFile section */
		4ABB4E9B2A65745200CF271C /* AppDelegate.swift in Sources */ = {isa = PBXBuildFile; fileRef = 4ABB4E9A2A65745200CF271C /* AppDelegate.swift */; };
		4ABB4E9D2A65745200CF271C /* SceneDelegate.swift in Sources */ = {isa = PBXBuildFile; fileRef = 4ABB4E9C2A65745200CF271C /* SceneDelegate.swift */; };
		4ABB4E9F2A65745200CF271C /* ViewController.swift in Sources */ = {isa = PBXBuildFile; fileRef = 4ABB4E9E2A65745200CF271C /* ViewController.swift */; };
		4ABB4EA22A65745200CF271C /* Main.storyboard in Resources */ = {isa = PBXBuildFile; fileRef = 4ABB4EA02A65745200CF271C /* Main.storyboard */; };
		4ABB4EA42A65745300CF271C /* Assets.xcassets in Resources */ = {isa = PBXBuildFile; fileRef = 4ABB4EA32A65745300CF271C /* Assets.xcassets */; };
		4ABB4EA72A65745300CF271C /* LaunchScreen.storyboard in Resources */ = {isa = PBXBuildFile; fileRef = 4ABB4EA52A65745300CF271C /* LaunchScreen.storyboard */; };
		4ABB4EB22A65745400CF271C /* ExRefactor11_3Tests.swift in Sources */ = {isa = PBXBuildFile; fileRef = 4ABB4EB12A65745400CF271C /* ExRefactor11_3Tests.swift */; };
		4ABB4EBC2A65745400CF271C /* ExRefactor11_3UITests.swift in Sources */ = {isa = PBXBuildFile; fileRef = 4ABB4EBB2A65745400CF271C /* ExRefactor11_3UITests.swift */; };
		4ABB4EBE2A65745400CF271C /* ExRefactor11_3UITestsLaunchTests.swift in Sources */ = {isa = PBXBuildFile; fileRef = 4ABB4EBD2A65745400CF271C /* ExRefactor11_3UITestsLaunchTests.swift */; };
/* End PBXBuildFile section */

/* Begin PBXContainerItemProxy section */
		4ABB4EAE2A65745400CF271C /* PBXContainerItemProxy */ = {
			isa = PBXContainerItemProxy;
			containerPortal = 4ABB4E8F2A65745200CF271C /* Project object */;
			proxyType = 1;
			remoteGlobalIDString = 4ABB4E962A65745200CF271C;
			remoteInfo = ExRefactor11_3;
		};
		4ABB4EB82A65745400CF271C /* PBXContainerItemProxy */ = {
			isa = PBXContainerItemProxy;
			containerPortal = 4ABB4E8F2A65745200CF271C /* Project object */;
			proxyType = 1;
			remoteGlobalIDString = 4ABB4E962A65745200CF271C;
			remoteInfo = ExRefactor11_3;
		};
/* End PBXContainerItemProxy section */

/* Begin PBXFileReference section */
		4ABB4E972A65745200CF271C /* ExRefactor11_3.app */ = {isa = PBXFileReference; explicitFileType = wrapper.application; includeInIndex = 0; path = ExRefactor11_3.app; sourceTree = BUILT_PRODUCTS_DIR; };
		4ABB4E9A2A65745200CF271C /* AppDelegate.swift */ = {isa = PBXFileReference; lastKnownFileType = sourcecode.swift; path = AppDelegate.swift; sourceTree = "<group>"; };
		4ABB4E9C2A65745200CF271C /* SceneDelegate.swift */ = {isa = PBXFileReference; lastKnownFileType = sourcecode.swift; path = SceneDelegate.swift; sourceTree = "<group>"; };
		4ABB4E9E2A65745200CF271C /* ViewController.swift */ = {isa = PBXFileReference; lastKnownFileType = sourcecode.swift; path = ViewController.swift; sourceTree = "<group>"; };
		4ABB4EA12A65745200CF271C /* Base */ = {isa = PBXFileReference; lastKnownFileType = file.storyboard; name = Base; path = Base.lproj/Main.storyboard; sourceTree = "<group>"; };
		4ABB4EA32A65745300CF271C /* Assets.xcassets */ = {isa = PBXFileReference; lastKnownFileType = folder.assetcatalog; path = Assets.xcassets; sourceTree = "<group>"; };
		4ABB4EA62A65745300CF271C /* Base */ = {isa = PBXFileReference; lastKnownFileType = file.storyboard; name = Base; path = Base.lproj/LaunchScreen.storyboard; sourceTree = "<group>"; };
		4ABB4EA82A65745300CF271C /* Info.plist */ = {isa = PBXFileReference; lastKnownFileType = text.plist.xml; path = Info.plist; sourceTree = "<group>"; };
		4ABB4EAD2A65745400CF271C /* ExRefactor11_3Tests.xctest */ = {isa = PBXFileReference; explicitFileType = wrapper.cfbundle; includeInIndex = 0; path = ExRefactor11_3Tests.xctest; sourceTree = BUILT_PRODUCTS_DIR; };
		4ABB4EB12A65745400CF271C /* ExRefactor11_3Tests.swift */ = {isa = PBXFileReference; lastKnownFileType = sourcecode.swift; path = ExRefactor11_3Tests.swift; sourceTree = "<group>"; };
		4ABB4EB72A65745400CF271C /* ExRefactor11_3UITests.xctest */ = {isa = PBXFileReference; explicitFileType = wrapper.cfbundle; includeInIndex = 0; path = ExRefactor11_3UITests.xctest; sourceTree = BUILT_PRODUCTS_DIR; };
		4ABB4EBB2A65745400CF271C /* ExRefactor11_3UITests.swift */ = {isa = PBXFileReference; lastKnownFileType = sourcecode.swift; path = ExRefactor11_3UITests.swift; sourceTree = "<group>"; };
		4ABB4EBD2A65745400CF271C /* ExRefactor11_3UITestsLaunchTests.swift */ = {isa = PBXFileReference; lastKnownFileType = sourcecode.swift; path = ExRefactor11_3UITestsLaunchTests.swift; sourceTree = "<group>"; };
/* End PBXFileReference section */

/* Begin PBXFrameworksBuildPhase section */
		4ABB4E942A65745200CF271C /* Frameworks */ = {
			isa = PBXFrameworksBuildPhase;
			buildActionMask = 2147483647;
			files = (
			);
			runOnlyForDeploymentPostprocessing = 0;
		};
		4ABB4EAA2A65745400CF271C /* Frameworks */ = {
			isa = PBXFrameworksBuildPhase;
			buildActionMask = 2147483647;
			files = (
			);
			runOnlyForDeploymentPostprocessing = 0;
		};
		4ABB4EB42A65745400CF271C /* Frameworks */ = {
			isa = PBXFrameworksBuildPhase;
			buildActionMask = 2147483647;
			files = (
			);
			runOnlyForDeploymentPostprocessing = 0;
		};
/* End PBXFrameworksBuildPhase section */

/* Begin PBXGroup section */
		4ABB4E8E2A65745200CF271C = {
			isa = PBXGroup;
			children = (
				4ABB4E992A65745200CF271C /* ExRefactor11_3 */,
				4ABB4EB02A65745400CF271C /* ExRefactor11_3Tests */,
				4ABB4EBA2A65745400CF271C /* ExRefactor11_3UITests */,
				4ABB4E982A65745200CF271C /* Products */,
			);
			sourceTree = "<group>";
		};
		4ABB4E982A65745200CF271C /* Products */ = {
			isa = PBXGroup;
			children = (
				4ABB4E972A65745200CF271C /* ExRefactor11_3.app */,
				4ABB4EAD2A65745400CF271C /* ExRefactor11_3Tests.xctest */,
				4ABB4EB72A65745400CF271C /* ExRefactor11_3UITests.xctest */,
			);
			name = Products;
			sourceTree = "<group>";
		};
		4ABB4E992A65745200CF271C /* ExRefactor11_3 */ = {
			isa = PBXGroup;
			children = (
				4ABB4E9A2A65745200CF271C /* AppDelegate.swift */,
				4ABB4E9C2A65745200CF271C /* SceneDelegate.swift */,
				4ABB4E9E2A65745200CF271C /* ViewController.swift */,
				4ABB4EA02A65745200CF271C /* Main.storyboard */,
				4ABB4EA32A65745300CF271C /* Assets.xcassets */,
				4ABB4EA52A65745300CF271C /* LaunchScreen.storyboard */,
				4ABB4EA82A65745300CF271C /* Info.plist */,
			);
			path = ExRefactor11_3;
			sourceTree = "<group>";
		};
		4ABB4EB02A65745400CF271C /* ExRefactor11_3Tests */ = {
			isa = PBXGroup;
			children = (
				4ABB4EB12A65745400CF271C /* ExRefactor11_3Tests.swift */,
			);
			path = ExRefactor11_3Tests;
			sourceTree = "<group>";
		};
		4ABB4EBA2A65745400CF271C /* ExRefactor11_3UITests */ = {
			isa = PBXGroup;
			children = (
				4ABB4EBB2A65745400CF271C /* ExRefactor11_3UITests.swift */,
				4ABB4EBD2A65745400CF271C /* ExRefactor11_3UITestsLaunchTests.swift */,
			);
			path = ExRefactor11_3UITests;
			sourceTree = "<group>";
		};
/* End PBXGroup section */

/* Begin PBXNativeTarget section */
		4ABB4E962A65745200CF271C /* ExRefactor11_3 */ = {
			isa = PBXNativeTarget;
			buildConfigurationList = 4ABB4EC12A65745400CF271C /* Build configuration list for PBXNativeTarget "ExRefactor11_3" */;
			buildPhases = (
				4ABB4E932A65745200CF271C /* Sources */,
				4ABB4E942A65745200CF271C /* Frameworks */,
				4ABB4E952A65745200CF271C /* Resources */,
			);
			buildRules = (
			);
			dependencies = (
			);
			name = ExRefactor11_3;
			productName = ExRefactor11_3;
			productReference = 4ABB4E972A65745200CF271C /* ExRefactor11_3.app */;
			productType = "com.apple.product-type.application";
		};
		4ABB4EAC2A65745400CF271C /* ExRefactor11_3Tests */ = {
			isa = PBXNativeTarget;
			buildConfigurationList = 4ABB4EC42A65745400CF271C /* Build configuration list for PBXNativeTarget "ExRefactor11_3Tests" */;
			buildPhases = (
				4ABB4EA92A65745400CF271C /* Sources */,
				4ABB4EAA2A65745400CF271C /* Frameworks */,
				4ABB4EAB2A65745400CF271C /* Resources */,
			);
			buildRules = (
			);
			dependencies = (
				4ABB4EAF2A65745400CF271C /* PBXTargetDependency */,
			);
			name = ExRefactor11_3Tests;
			productName = ExRefactor11_3Tests;
			productReference = 4ABB4EAD2A65745400CF271C /* ExRefactor11_3Tests.xctest */;
			productType = "com.apple.product-type.bundle.unit-test";
		};
		4ABB4EB62A65745400CF271C /* ExRefactor11_3UITests */ = {
			isa = PBXNativeTarget;
			buildConfigurationList = 4ABB4EC72A65745400CF271C /* Build configuration list for PBXNativeTarget "ExRefactor11_3UITests" */;
			buildPhases = (
				4ABB4EB32A65745400CF271C /* Sources */,
				4ABB4EB42A65745400CF271C /* Frameworks */,
				4ABB4EB52A65745400CF271C /* Resources */,
			);
			buildRules = (
			);
			dependencies = (
				4ABB4EB92A65745400CF271C /* PBXTargetDependency */,
			);
			name = ExRefactor11_3UITests;
			productName = ExRefactor11_3UITests;
			productReference = 4ABB4EB72A65745400CF271C /* ExRefactor11_3UITests.xctest */;
			productType = "com.apple.product-type.bundle.ui-testing";
		};
/* End PBXNativeTarget section */

/* Begin PBXProject section */
		4ABB4E8F2A65745200CF271C /* Project object */ = {
			isa = PBXProject;
			attributes = {
				BuildIndependentTargetsInParallel = 1;
				LastSwiftUpdateCheck = 1430;
				LastUpgradeCheck = 1430;
				TargetAttributes = {
					4ABB4E962A65745200CF271C = {
						CreatedOnToolsVersion = 14.3.1;
					};
					4ABB4EAC2A65745400CF271C = {
						CreatedOnToolsVersion = 14.3.1;
						TestTargetID = 4ABB4E962A65745200CF271C;
					};
					4ABB4EB62A65745400CF271C = {
						CreatedOnToolsVersion = 14.3.1;
						TestTargetID = 4ABB4E962A65745200CF271C;
					};
				};
			};
			buildConfigurationList = 4ABB4E922A65745200CF271C /* Build configuration list for PBXProject "ExRefactor11_3" */;
			compatibilityVersion = "Xcode 14.0";
			developmentRegion = en;
			hasScannedForEncodings = 0;
			knownRegions = (
				en,
				Base,
			);
			mainGroup = 4ABB4E8E2A65745200CF271C;
			productRefGroup = 4ABB4E982A65745200CF271C /* Products */;
			projectDirPath = "";
			projectRoot = "";
			targets = (
				4ABB4E962A65745200CF271C /* ExRefactor11_3 */,
				4ABB4EAC2A65745400CF271C /* ExRefactor11_3Tests */,
				4ABB4EB62A65745400CF271C /* ExRefactor11_3UITests */,
			);
		};
/* End PBXProject section */

/* Begin PBXResourcesBuildPhase section */
		4ABB4E952A65745200CF271C /* Resources */ = {
			isa = PBXResourcesBuildPhase;
			buildActionMask = 2147483647;
			files = (
				4ABB4EA72A65745300CF271C /* LaunchScreen.storyboard in Resources */,
				4ABB4EA42A65745300CF271C /* Assets.xcassets in Resources */,
				4ABB4EA22A65745200CF271C /* Main.storyboard in Resources */,
			);
			runOnlyForDeploymentPostprocessing = 0;
		};
		4ABB4EAB2A65745400CF271C /* Resources */ = {
			isa = PBXResourcesBuildPhase;
			buildActionMask = 2147483647;
			files = (
			);
			runOnlyForDeploymentPostprocessing = 0;
		};
		4ABB4EB52A65745400CF271C /* Resources */ = {
			isa = PBXResourcesBuildPhase;
			buildActionMask = 2147483647;
			files = (
			);
			runOnlyForDeploymentPostprocessing = 0;
		};
/* End PBXResourcesBuildPhase section */

/* Begin PBXSourcesBuildPhase section */
		4ABB4E932A65745200CF271C /* Sources */ = {
			isa = PBXSourcesBuildPhase;
			buildActionMask = 2147483647;
			files = (
				4ABB4E9F2A65745200CF271C /* ViewController.swift in Sources */,
				4ABB4E9B2A65745200CF271C /* AppDelegate.swift in Sources */,
				4ABB4E9D2A65745200CF271C /* SceneDelegate.swift in Sources */,
			);
			runOnlyForDeploymentPostprocessing = 0;
		};
		4ABB4EA92A65745400CF271C /* Sources */ = {
			isa = PBXSourcesBuildPhase;
			buildActionMask = 2147483647;
			files = (
				4ABB4EB22A65745400CF271C /* ExRefactor11_3Tests.swift in Sources */,
			);
			runOnlyForDeploymentPostprocessing = 0;
		};
		4ABB4EB32A65745400CF271C /* Sources */ = {
			isa = PBXSourcesBuildPhase;
			buildActionMask = 2147483647;
			files = (
				4ABB4EBC2A65745400CF271C /* ExRefactor11_3UITests.swift in Sources */,
				4ABB4EBE2A65745400CF271C /* ExRefactor11_3UITestsLaunchTests.swift in Sources */,
			);
			runOnlyForDeploymentPostprocessing = 0;
		};
/* End PBXSourcesBuildPhase section */

/* Begin PBXTargetDependency section */
		4ABB4EAF2A65745400CF271C /* PBXTargetDependency */ = {
			isa = PBXTargetDependency;
			target = 4ABB4E962A65745200CF271C /* ExRefactor11_3 */;
			targetProxy = 4ABB4EAE2A65745400CF271C /* PBXContainerItemProxy */;
		};
		4ABB4EB92A65745400CF271C /* PBXTargetDependency */ = {
			isa = PBXTargetDependency;
			target = 4ABB4E962A65745200CF271C /* ExRefactor11_3 */;
			targetProxy = 4ABB4EB82A65745400CF271C /* PBXContainerItemProxy */;
		};
/* End PBXTargetDependency section */

/* Begin PBXVariantGroup section */
		4ABB4EA02A65745200CF271C /* Main.storyboard */ = {
			isa = PBXVariantGroup;
			children = (
				4ABB4EA12A65745200CF271C /* Base */,
			);
			name = Main.storyboard;
			sourceTree = "<group>";
		};
		4ABB4EA52A65745300CF271C /* LaunchScreen.storyboard */ = {
			isa = PBXVariantGroup;
			children = (
				4ABB4EA62A65745300CF271C /* Base */,
			);
			name = LaunchScreen.storyboard;
			sourceTree = "<group>";
		};
/* End PBXVariantGroup section */

/* Begin XCBuildConfiguration section */
		4ABB4EBF2A65745400CF271C /* Debug */ = {
			isa = XCBuildConfiguration;
			buildSettings = {
				ALWAYS_SEARCH_USER_PATHS = NO;
				CLANG_ANALYZER_NONNULL = YES;
				CLANG_ANALYZER_NUMBER_OBJECT_CONVERSION = YES_AGGRESSIVE;
				CLANG_CXX_LANGUAGE_STANDARD = "gnu++20";
				CLANG_ENABLE_MODULES = YES;
				CLANG_ENABLE_OBJC_ARC = YES;
				CLANG_ENABLE_OBJC_WEAK = YES;
				CLANG_WARN_BLOCK_CAPTURE_AUTORELEASING = YES;
				CLANG_WARN_BOOL_CONVERSION = YES;
				CLANG_WARN_COMMA = YES;
				CLANG_WARN_CONSTANT_CONVERSION = YES;
				CLANG_WARN_DEPRECATED_OBJC_IMPLEMENTATIONS = YES;
				CLANG_WARN_DIRECT_OBJC_ISA_USAGE = YES_ERROR;
				CLANG_WARN_DOCUMENTATION_COMMENTS = YES;
				CLANG_WARN_EMPTY_BODY = YES;
				CLANG_WARN_ENUM_CONVERSION = YES;
				CLANG_WARN_INFINITE_RECURSION = YES;
				CLANG_WARN_INT_CONVERSION = YES;
				CLANG_WARN_NON_LITERAL_NULL_CONVERSION = YES;
				CLANG_WARN_OBJC_IMPLICIT_RETAIN_SELF = YES;
				CLANG_WARN_OBJC_LITERAL_CONVERSION = YES;
				CLANG_WARN_OBJC_ROOT_CLASS = YES_ERROR;
				CLANG_WARN_QUOTED_INCLUDE_IN_FRAMEWORK_HEADER = YES;
				CLANG_WARN_RANGE_LOOP_ANALYSIS = YES;
				CLANG_WARN_STRICT_PROTOTYPES = YES;
				CLANG_WARN_SUSPICIOUS_MOVE = YES;
				CLANG_WARN_UNGUARDED_AVAILABILITY = YES_AGGRESSIVE;
				CLANG_WARN_UNREACHABLE_CODE = YES;
				CLANG_WARN__DUPLICATE_METHOD_MATCH = YES;
				COPY_PHASE_STRIP = NO;
				DEBUG_INFORMATION_FORMAT = dwarf;
				ENABLE_STRICT_OBJC_MSGSEND = YES;
				ENABLE_TESTABILITY = YES;
				GCC_C_LANGUAGE_STANDARD = gnu11;
				GCC_DYNAMIC_NO_PIC = NO;
				GCC_NO_COMMON_BLOCKS = YES;
				GCC_OPTIMIZATION_LEVEL = 0;
				GCC_PREPROCESSOR_DEFINITIONS = (
					"DEBUG=1",
					"$(inherited)",
				);
				GCC_WARN_64_TO_32_BIT_CONVERSION = YES;
				GCC_WARN_ABOUT_RETURN_TYPE = YES_ERROR;
				GCC_WARN_UNDECLARED_SELECTOR = YES;
				GCC_WARN_UNINITIALIZED_AUTOS = YES_AGGRESSIVE;
				GCC_WARN_UNUSED_FUNCTION = YES;
				GCC_WARN_UNUSED_VARIABLE = YES;
				IPHONEOS_DEPLOYMENT_TARGET = 16.4;
				MTL_ENABLE_DEBUG_INFO = INCLUDE_SOURCE;
				MTL_FAST_MATH = YES;
				ONLY_ACTIVE_ARCH = YES;
				SDKROOT = iphoneos;
				SWIFT_ACTIVE_COMPILATION_CONDITIONS = DEBUG;
				SWIFT_OPTIMIZATION_LEVEL = "-Onone";
			};
			name = Debug;
		};
		4ABB4EC02A65745400CF271C /* Release */ = {
			isa = XCBuildConfiguration;
			buildSettings = {
				ALWAYS_SEARCH_USER_PATHS = NO;
				CLANG_ANALYZER_NONNULL = YES;
				CLANG_ANALYZER_NUMBER_OBJECT_CONVERSION = YES_AGGRESSIVE;
				CLANG_CXX_LANGUAGE_STANDARD = "gnu++20";
				CLANG_ENABLE_MODULES = YES;
				CLANG_ENABLE_OBJC_ARC = YES;
				CLANG_ENABLE_OBJC_WEAK = YES;
				CLANG_WARN_BLOCK_CAPTURE_AUTORELEASING = YES;
				CLANG_WARN_BOOL_CONVERSION = YES;
				CLANG_WARN_COMMA = YES;
				CLANG_WARN_CONSTANT_CONVERSION = YES;
				CLANG_WARN_DEPRECATED_OBJC_IMPLEMENTATIONS = YES;
				CLANG_WARN_DIRECT_OBJC_ISA_USAGE = YES_ERROR;
				CLANG_WARN_DOCUMENTATION_COMMENTS = YES;
				CLANG_WARN_EMPTY_BODY = YES;
				CLANG_WARN_ENUM_CONVERSION = YES;
				CLANG_WARN_INFINITE_RECURSION = YES;
				CLANG_WARN_INT_CONVERSION = YES;
				CLANG_WARN_NON_LITERAL_NULL_CONVERSION = YES;
				CLANG_WARN_OBJC_IMPLICIT_RETAIN_SELF = YES;
				CLANG_WARN_OBJC_LITERAL_CONVERSION = YES;
				CLANG_WARN_OBJC_ROOT_CLASS = YES_ERROR;
				CLANG_WARN_QUOTED_INCLUDE_IN_FRAMEWORK_HEADER = YES;
				CLANG_WARN_RANGE_LOOP_ANALYSIS = YES;
				CLANG_WARN_STRICT_PROTOTYPES = YES;
				CLANG_WARN_SUSPICIOUS_MOVE = YES;
				CLANG_WARN_UNGUARDED_AVAILABILITY = YES_AGGRESSIVE;
				CLANG_WARN_UNREACHABLE_CODE = YES;
				CLANG_WARN__DUPLICATE_METHOD_MATCH = YES;
				COPY_PHASE_STRIP = NO;
				DEBUG_INFORMATION_FORMAT = "dwarf-with-dsym";
				ENABLE_NS_ASSERTIONS = NO;
				ENABLE_STRICT_OBJC_MSGSEND = YES;
				GCC_C_LANGUAGE_STANDARD = gnu11;
				GCC_NO_COMMON_BLOCKS = YES;
				GCC_WARN_64_TO_32_BIT_CONVERSION = YES;
				GCC_WARN_ABOUT_RETURN_TYPE = YES_ERROR;
				GCC_WARN_UNDECLARED_SELECTOR = YES;
				GCC_WARN_UNINITIALIZED_AUTOS = YES_AGGRESSIVE;
				GCC_WARN_UNUSED_FUNCTION = YES;
				GCC_WARN_UNUSED_VARIABLE = YES;
				IPHONEOS_DEPLOYMENT_TARGET = 16.4;
				MTL_ENABLE_DEBUG_INFO = NO;
				MTL_FAST_MATH = YES;
				SDKROOT = iphoneos;
				SWIFT_COMPILATION_MODE = wholemodule;
				SWIFT_OPTIMIZATION_LEVEL = "-O";
				VALIDATE_PRODUCT = YES;
			};
			name = Release;
		};
		4ABB4EC22A65745400CF271C /* Debug */ = {
			isa = XCBuildConfiguration;
			buildSettings = {
				ASSETCATALOG_COMPILER_APPICON_NAME = AppIcon;
				ASSETCATALOG_COMPILER_GLOBAL_ACCENT_COLOR_NAME = AccentColor;
				CODE_SIGN_STYLE = Automatic;
				CURRENT_PROJECT_VERSION = 1;
				DEVELOPMENT_TEAM = SS7U83UJNK;
				GENERATE_INFOPLIST_FILE = YES;
				INFOPLIST_FILE = ExRefactor11_3/Info.plist;
				INFOPLIST_KEY_UIApplicationSupportsIndirectInputEvents = YES;
				INFOPLIST_KEY_UILaunchStoryboardName = LaunchScreen;
				INFOPLIST_KEY_UIMainStoryboardFile = Main;
				INFOPLIST_KEY_UISupportedInterfaceOrientations_iPad = "UIInterfaceOrientationPortrait UIInterfaceOrientationPortraitUpsideDown UIInterfaceOrientationLandscapeLeft UIInterfaceOrientationLandscapeRight";
				INFOPLIST_KEY_UISupportedInterfaceOrientations_iPhone = "UIInterfaceOrientationPortrait UIInterfaceOrientationLandscapeLeft UIInterfaceOrientationLandscapeRight";
				LD_RUNPATH_SEARCH_PATHS = (
					"$(inherited)",
					"@executable_path/Frameworks",
				);
				MARKETING_VERSION = 1.0;
				PRODUCT_BUNDLE_IDENTIFIER = "com.jake.ExRefactor11-3";
				PRODUCT_NAME = "$(TARGET_NAME)";
				SWIFT_EMIT_LOC_STRINGS = YES;
				SWIFT_VERSION = 5.0;
				TARGETED_DEVICE_FAMILY = "1,2";
			};
			name = Debug;
		};
		4ABB4EC32A65745400CF271C /* Release */ = {
			isa = XCBuildConfiguration;
			buildSettings = {
				ASSETCATALOG_COMPILER_APPICON_NAME = AppIcon;
				ASSETCATALOG_COMPILER_GLOBAL_ACCENT_COLOR_NAME = AccentColor;
				CODE_SIGN_STYLE = Automatic;
				CURRENT_PROJECT_VERSION = 1;
				DEVELOPMENT_TEAM = SS7U83UJNK;
				GENERATE_INFOPLIST_FILE = YES;
				INFOPLIST_FILE = ExRefactor11_3/Info.plist;
				INFOPLIST_KEY_UIApplicationSupportsIndirectInputEvents = YES;
				INFOPLIST_KEY_UILaunchStoryboardName = LaunchScreen;
				INFOPLIST_KEY_UIMainStoryboardFile = Main;
				INFOPLIST_KEY_UISupportedInterfaceOrientations_iPad = "UIInterfaceOrientationPortrait UIInterfaceOrientationPortraitUpsideDown UIInterfaceOrientationLandscapeLeft UIInterfaceOrientationLandscapeRight";
				INFOPLIST_KEY_UISupportedInterfaceOrientations_iPhone = "UIInterfaceOrientationPortrait UIInterfaceOrientationLandscapeLeft UIInterfaceOrientationLandscapeRight";
				LD_RUNPATH_SEARCH_PATHS = (
					"$(inherited)",
					"@executable_path/Frameworks",
				);
				MARKETING_VERSION = 1.0;
				PRODUCT_BUNDLE_IDENTIFIER = "com.jake.ExRefactor11-3";
				PRODUCT_NAME = "$(TARGET_NAME)";
				SWIFT_EMIT_LOC_STRINGS = YES;
				SWIFT_VERSION = 5.0;
				TARGETED_DEVICE_FAMILY = "1,2";
			};
			name = Release;
		};
		4ABB4EC52A65745400CF271C /* Debug */ = {
			isa = XCBuildConfiguration;
			buildSettings = {
				ALWAYS_EMBED_SWIFT_STANDARD_LIBRARIES = YES;
				BUNDLE_LOADER = "$(TEST_HOST)";
				CODE_SIGN_STYLE = Automatic;
				CURRENT_PROJECT_VERSION = 1;
				DEVELOPMENT_TEAM = SS7U83UJNK;
				GENERATE_INFOPLIST_FILE = YES;
				IPHONEOS_DEPLOYMENT_TARGET = 16.4;
				MARKETING_VERSION = 1.0;
				PRODUCT_BUNDLE_IDENTIFIER = "com.jake.ExRefactor11-3Tests";
				PRODUCT_NAME = "$(TARGET_NAME)";
				SWIFT_EMIT_LOC_STRINGS = NO;
				SWIFT_VERSION = 5.0;
				TARGETED_DEVICE_FAMILY = "1,2";
				TEST_HOST = "$(BUILT_PRODUCTS_DIR)/ExRefactor11_3.app/$(BUNDLE_EXECUTABLE_FOLDER_PATH)/ExRefactor11_3";
			};
			name = Debug;
		};
		4ABB4EC62A65745400CF271C /* Release */ = {
			isa = XCBuildConfiguration;
			buildSettings = {
				ALWAYS_EMBED_SWIFT_STANDARD_LIBRARIES = YES;
				BUNDLE_LOADER = "$(TEST_HOST)";
				CODE_SIGN_STYLE = Automatic;
				CURRENT_PROJECT_VERSION = 1;
				DEVELOPMENT_TEAM = SS7U83UJNK;
				GENERATE_INFOPLIST_FILE = YES;
				IPHONEOS_DEPLOYMENT_TARGET = 16.4;
				MARKETING_VERSION = 1.0;
				PRODUCT_BUNDLE_IDENTIFIER = "com.jake.ExRefactor11-3Tests";
				PRODUCT_NAME = "$(TARGET_NAME)";
				SWIFT_EMIT_LOC_STRINGS = NO;
				SWIFT_VERSION = 5.0;
				TARGETED_DEVICE_FAMILY = "1,2";
				TEST_HOST = "$(BUILT_PRODUCTS_DIR)/ExRefactor11_3.app/$(BUNDLE_EXECUTABLE_FOLDER_PATH)/ExRefactor11_3";
			};
			name = Release;
		};
		4ABB4EC82A65745400CF271C /* Debug */ = {
			isa = XCBuildConfiguration;
			buildSettings = {
				ALWAYS_EMBED_SWIFT_STANDARD_LIBRARIES = YES;
				CODE_SIGN_STYLE = Automatic;
				CURRENT_PROJECT_VERSION = 1;
				DEVELOPMENT_TEAM = SS7U83UJNK;
				GENERATE_INFOPLIST_FILE = YES;
				MARKETING_VERSION = 1.0;
				PRODUCT_BUNDLE_IDENTIFIER = "com.jake.ExRefactor11-3UITests";
				PRODUCT_NAME = "$(TARGET_NAME)";
				SWIFT_EMIT_LOC_STRINGS = NO;
				SWIFT_VERSION = 5.0;
				TARGETED_DEVICE_FAMILY = "1,2";
				TEST_TARGET_NAME = ExRefactor11_3;
			};
			name = Debug;
		};
		4ABB4EC92A65745400CF271C /* Release */ = {
			isa = XCBuildConfiguration;
			buildSettings = {
				ALWAYS_EMBED_SWIFT_STANDARD_LIBRARIES = YES;
				CODE_SIGN_STYLE = Automatic;
				CURRENT_PROJECT_VERSION = 1;
				DEVELOPMENT_TEAM = SS7U83UJNK;
				GENERATE_INFOPLIST_FILE = YES;
				MARKETING_VERSION = 1.0;
				PRODUCT_BUNDLE_IDENTIFIER = "com.jake.ExRefactor11-3UITests";
				PRODUCT_NAME = "$(TARGET_NAME)";
				SWIFT_EMIT_LOC_STRINGS = NO;
				SWIFT_VERSION = 5.0;
				TARGETED_DEVICE_FAMILY = "1,2";
				TEST_TARGET_NAME = ExRefactor11_3;
			};
			name = Release;
		};
/* End XCBuildConfiguration section */

/* Begin XCConfigurationList section */
		4ABB4E922A65745200CF271C /* Build configuration list for PBXProject "ExRefactor11_3" */ = {
			isa = XCConfigurationList;
			buildConfigurations = (
				4ABB4EBF2A65745400CF271C /* Debug */,
				4ABB4EC02A65745400CF271C /* Release */,
			);
			defaultConfigurationIsVisible = 0;
			defaultConfigurationName = Release;
		};
		4ABB4EC12A65745400CF271C /* Build configuration list for PBXNativeTarget "ExRefactor11_3" */ = {
			isa = XCConfigurationList;
			buildConfigurations = (
				4ABB4EC22A65745400CF271C /* Debug */,
				4ABB4EC32A65745400CF271C /* Release */,
			);
			defaultConfigurationIsVisible = 0;
			defaultConfigurationName = Release;
		};
		4ABB4EC42A65745400CF271C /* Build configuration list for PBXNativeTarget "ExRefactor11_3Tests" */ = {
			isa = XCConfigurationList;
			buildConfigurations = (
				4ABB4EC52A65745400CF271C /* Debug */,
				4ABB4EC62A65745400CF271C /* Release */,
			);
			defaultConfigurationIsVisible = 0;
			defaultConfigurationName = Release;
		};
		4ABB4EC72A65745400CF271C /* Build configuration list for PBXNativeTarget "ExRefactor11_3UITests" */ = {
			isa = XCConfigurationList;
			buildConfigurations = (
				4ABB4EC82A65745400CF271C /* Debug */,
				4ABB4EC92A65745400CF271C /* Release */,
			);
			defaultConfigurationIsVisible = 0;
			defaultConfigurationName = Release;
		};
/* End XCConfigurationList section */
	};
	rootObject = 4ABB4E8F2A65745200CF271C /* Project object */;
}
